
Microsoft Visual Studio Solution File, Format Version 12.00
# Visual Studio 15
VisualStudioVersion = 15.0.28307.539
MinimumVisualStudioVersion = 10.0.40219.1
Project("{FAE04EC0-301F-11D3-BF4B-00C04F79EFBC}") = "WpfAppBackgroundWorker", "WpfAppBackgroundWorker\WpfAppBackgroundWorker.csproj", "{7E89DB06-83F5-4353-A2CE-944F778F8422}"
EndProject
Global
	GlobalSection(SolutionConfigurationPlatforms) = preSolution
		Debug|Any CPU = Debug|Any CPU
		Release|Any CPU = Release|Any CPU
	EndGlobalSection
	GlobalSection(ProjectConfigurationPlatforms) = postSolution
		{7E89DB06-83F5-4353-A2CE-944F778F8422}.Debug|Any CPU.ActiveCfg = Debug|Any CPU
		{7E89DB06-83F5-4353-A2CE-944F778F8422}.Debug|Any CPU.Build.0 = Debug|Any CPU
		{7E89DB06-83F5-4353-A2CE-944F778F8422}.Release|Any CPU.ActiveCfg = Release|Any CPU
		{7E89DB06-83F5-4353-A2CE-944F778F8422}.Release|Any CPU.Build.0 = Release|Any CPU
	EndGlobalSection
	GlobalSection(SolutionProperties) = preSolution
		HideSolutionNode = FALSE
	EndGlobalSection
	GlobalSection(ExtensibilityGlobals) = postSolution
		SolutionGuid = {385FFB21-C5DB-42E7-9664-137C1ABC3FD0}
	EndGlobalSection
EndGlobal
